
Microsoft Visual Studio Solution File, Format Version 12.00
# Visual Studio Version 17
VisualStudioVersion = 17.3.32929.385
MinimumVisualStudioVersion = 10.0.40219.1
Project("{9A19103F-16F7-4668-BE54-9A1E7A4F7556}") = "FinalTask7.Library", "FinalTask7.Library\FinalTask7.Library.csproj", "{3BF7C4D7-B178-4075-8387-591C1E913691}"
EndProject
Project("{9A19103F-16F7-4668-BE54-9A1E7A4F7556}") = "FinalTask7", "FinalTask7\FinalTask7.csproj", "{B036C77A-1D2D-4257-825F-3385C5415146}"
EndProject
Global
	GlobalSection(SolutionConfigurationPlatforms) = preSolution
		Debug|Any CPU = Debug|Any CPU
		Release|Any CPU = Release|Any CPU
	EndGlobalSection
	GlobalSection(ProjectConfigurationPlatforms) = postSolution
		{3BF7C4D7-B178-4075-8387-591C1E913691}.Debug|Any CPU.ActiveCfg = Debug|Any CPU
		{3BF7C4D7-B178-4075-8387-591C1E913691}.Debug|Any CPU.Build.0 = Debug|Any CPU
		{3BF7C4D7-B178-4075-8387-591C1E913691}.Release|Any CPU.ActiveCfg = Release|Any CPU
		{3BF7C4D7-B178-4075-8387-591C1E913691}.Release|Any CPU.Build.0 = Release|Any CPU
		{B036C77A-1D2D-4257-825F-3385C5415146}.Debug|Any CPU.ActiveCfg = Debug|Any CPU
		{B036C77A-1D2D-4257-825F-3385C5415146}.Debug|Any CPU.Build.0 = Debug|Any CPU
		{B036C77A-1D2D-4257-825F-3385C5415146}.Release|Any CPU.ActiveCfg = Release|Any CPU
		{B036C77A-1D2D-4257-825F-3385C5415146}.Release|Any CPU.Build.0 = Release|Any CPU
	EndGlobalSection
	GlobalSection(SolutionProperties) = preSolution
		HideSolutionNode = FALSE
	EndGlobalSection
	GlobalSection(ExtensibilityGlobals) = postSolution
		SolutionGuid = {49C10870-44AE-4C85-824E-EA531F53C4C6}
	EndGlobalSection
EndGlobal
